
Microsoft Visual Studio Solution File, Format Version 12.00
Project("{FAE04EC0-301F-11D3-BF4B-00C04F79EFBC}") = "Backbone.AiCapabilities.NaturalLanguageProcessing.ChatCompletion.Abstractions", "Backbone.AiCapabilities.NaturalLanguageProcessing.ChatCompletion.Abstractions\Backbone.AiCapabilities.NaturalLanguageProcessing.ChatCompletion.Abstractions.csproj", "{F095249B-12C2-4A8F-BA0B-80CB65CEEA9B}"
EndProject
Project("{FAE04EC0-301F-11D3-BF4B-00C04F79EFBC}") = "Backbone.AiCapabilities.NaturalLanguageProcessing.ChatCompletion.OpenAi", "Backbone.AiCapabilities.NaturalLanguageProcessing.ChatCompletion.OpenAi\Backbone.AiCapabilities.NaturalLanguageProcessing.ChatCompletion.OpenAi.csproj", "{720FAD5D-4E6F-4E07-8980-0C00D83A496A}"
EndProject
Global
	GlobalSection(SolutionConfigurationPlatforms) = preSolution
		Debug|Any CPU = Debug|Any CPU
		Release|Any CPU = Release|Any CPU
	EndGlobalSection
	GlobalSection(ProjectConfigurationPlatforms) = postSolution
		{F095249B-12C2-4A8F-BA0B-80CB65CEEA9B}.Debug|Any CPU.ActiveCfg = Debug|Any CPU
		{F095249B-12C2-4A8F-BA0B-80CB65CEEA9B}.Debug|Any CPU.Build.0 = Debug|Any CPU
		{F095249B-12C2-4A8F-BA0B-80CB65CEEA9B}.Release|Any CPU.ActiveCfg = Release|Any CPU
		{F095249B-12C2-4A8F-BA0B-80CB65CEEA9B}.Release|Any CPU.Build.0 = Release|Any CPU
		{720FAD5D-4E6F-4E07-8980-0C00D83A496A}.Debug|Any CPU.ActiveCfg = Debug|Any CPU
		{720FAD5D-4E6F-4E07-8980-0C00D83A496A}.Debug|Any CPU.Build.0 = Debug|Any CPU
		{720FAD5D-4E6F-4E07-8980-0C00D83A496A}.Release|Any CPU.ActiveCfg = Release|Any CPU
		{720FAD5D-4E6F-4E07-8980-0C00D83A496A}.Release|Any CPU.Build.0 = Release|Any CPU
	EndGlobalSection
EndGlobal
